
Microsoft Visual Studio Solution File, Format Version 12.00
# Visual Studio Version 17
VisualStudioVersion = 17.8.34330.188
MinimumVisualStudioVersion = 10.0.40219.1
Project("{9A19103F-16F7-4668-BE54-9A1E7A4F7556}") = "Jtechs.OpenApi.AspNetCore", "Jtechs.OpenApi.AspNetCore\Jtechs.OpenApi.AspNetCore.csproj", "{BF3B5B2A-8E7D-4874-B3A9-E7BC2D42D023}"
EndProject
Project("{FAE04EC0-301F-11D3-BF4B-00C04F79EFBC}") = "Jtechs.OpenApi.AspNetCore.Swashbuckle", "Jtechs.OpenApi.AspNetCore.Swashbuckle\Jtechs.OpenApi.AspNetCore.Swashbuckle.csproj", "{B52EC960-A154-4829-9FC1-0EDFFC9F1CC2}"
EndProject
Global
	GlobalSection(SolutionConfigurationPlatforms) = preSolution
		Debug|Any CPU = Debug|Any CPU
		Release|Any CPU = Release|Any CPU
	EndGlobalSection
	GlobalSection(ProjectConfigurationPlatforms) = postSolution
		{BF3B5B2A-8E7D-4874-B3A9-E7BC2D42D023}.Debug|Any CPU.ActiveCfg = Debug|Any CPU
		{BF3B5B2A-8E7D-4874-B3A9-E7BC2D42D023}.Debug|Any CPU.Build.0 = Debug|Any CPU
		{BF3B5B2A-8E7D-4874-B3A9-E7BC2D42D023}.Release|Any CPU.ActiveCfg = Release|Any CPU
		{BF3B5B2A-8E7D-4874-B3A9-E7BC2D42D023}.Release|Any CPU.Build.0 = Release|Any CPU
		{B52EC960-A154-4829-9FC1-0EDFFC9F1CC2}.Debug|Any CPU.ActiveCfg = Debug|Any CPU
		{B52EC960-A154-4829-9FC1-0EDFFC9F1CC2}.Debug|Any CPU.Build.0 = Debug|Any CPU
		{B52EC960-A154-4829-9FC1-0EDFFC9F1CC2}.Release|Any CPU.ActiveCfg = Release|Any CPU
		{B52EC960-A154-4829-9FC1-0EDFFC9F1CC2}.Release|Any CPU.Build.0 = Release|Any CPU
	EndGlobalSection
	GlobalSection(SolutionProperties) = preSolution
		HideSolutionNode = FALSE
	EndGlobalSection
	GlobalSection(ExtensibilityGlobals) = postSolution
		SolutionGuid = {73554FF3-9234-4E75-89F7-CB1EE0334DA6}
	EndGlobalSection
EndGlobal
